
Microsoft Visual Studio Solution File, Format Version 12.00
# Visual Studio 15
VisualStudioVersion = 15.0.28307.271
MinimumVisualStudioVersion = 10.0.40219.1
Project("{FAE04EC0-301F-11D3-BF4B-00C04F79EFBC}") = "CarBrakeStrategyPattern", "CarBrakeStrategyPattern\CarBrakeStrategyPattern.csproj", "{FA934E46-6972-48B3-BE79-F641EF93FA0B}"
EndProject
Global
	GlobalSection(SolutionConfigurationPlatforms) = preSolution
		Debug|Any CPU = Debug|Any CPU
		Release|Any CPU = Release|Any CPU
	EndGlobalSection
	GlobalSection(ProjectConfigurationPlatforms) = postSolution
		{FA934E46-6972-48B3-BE79-F641EF93FA0B}.Debug|Any CPU.ActiveCfg = Debug|Any CPU
		{FA934E46-6972-48B3-BE79-F641EF93FA0B}.Debug|Any CPU.Build.0 = Debug|Any CPU
		{FA934E46-6972-48B3-BE79-F641EF93FA0B}.Release|Any CPU.ActiveCfg = Release|Any CPU
		{FA934E46-6972-48B3-BE79-F641EF93FA0B}.Release|Any CPU.Build.0 = Release|Any CPU
	EndGlobalSection
	GlobalSection(SolutionProperties) = preSolution
		HideSolutionNode = FALSE
	EndGlobalSection
	GlobalSection(ExtensibilityGlobals) = postSolution
		SolutionGuid = {B255E293-9A24-4739-B474-13FC4B24853F}
	EndGlobalSection
EndGlobal
